// !$*UTF8*$!
{
	archiveVersion = 1;
	classes = {
	};
	objectVersion = 56;
	objects = {

/* Begin PBXBuildFile section */
		0910AD662B4B7ED300769EAD /* SearchLocationViewController.swift in Sources */ = {isa = PBXBuildFile; fileRef = 0910AD652B4B7ED300769EAD /* SearchLocationViewController.swift */; };
		0910AD682B4B830300769EAD /* SearchResultViewController.swift in Sources */ = {isa = PBXBuildFile; fileRef = 0910AD672B4B830200769EAD /* SearchResultViewController.swift */; };
		0910AD6B2B4B8D6D00769EAD /* GooglePlacesManager.swift in Sources */ = {isa = PBXBuildFile; fileRef = 0910AD6A2B4B8D6D00769EAD /* GooglePlacesManager.swift */; };
		0910AD6D2B4B918700769EAD /* PlacesModal.swift in Sources */ = {isa = PBXBuildFile; fileRef = 0910AD6C2B4B918700769EAD /* PlacesModal.swift */; };
		0910AD702B4B945D00769EAD /* SearchLocationViewModel.swift in Sources */ = {isa = PBXBuildFile; fileRef = 0910AD6F2B4B945D00769EAD /* SearchLocationViewModel.swift */; };
		0910AD732B4B97DF00769EAD /* Constants.swift in Sources */ = {isa = PBXBuildFile; fileRef = 0910AD722B4B97DF00769EAD /* Constants.swift */; };
		09182B212B489C70006BD12C /* AppDelegate.swift in Sources */ = {isa = PBXBuildFile; fileRef = 09182B202B489C70006BD12C /* AppDelegate.swift */; };
		09182B232B489C70006BD12C /* SceneDelegate.swift in Sources */ = {isa = PBXBuildFile; fileRef = 09182B222B489C70006BD12C /* SceneDelegate.swift */; };
		09182B252B489C70006BD12C /* LogInViewController.swift in Sources */ = {isa = PBXBuildFile; fileRef = 09182B242B489C70006BD12C /* LogInViewController.swift */; };
		09182B2A2B489C76006BD12C /* Assets.xcassets in Resources */ = {isa = PBXBuildFile; fileRef = 09182B292B489C76006BD12C /* Assets.xcassets */; };
		09182B2D2B489C76006BD12C /* LaunchScreen.storyboard in Resources */ = {isa = PBXBuildFile; fileRef = 09182B2B2B489C76006BD12C /* LaunchScreen.storyboard */; };
		09182B3C2B48C764006BD12C /* LogInViewModel.swift in Sources */ = {isa = PBXBuildFile; fileRef = 09182B3B2B48C764006BD12C /* LogInViewModel.swift */; };
		09182B422B48CB0B006BD12C /* DashboardViewController.swift in Sources */ = {isa = PBXBuildFile; fileRef = 09182B412B48CB0B006BD12C /* DashboardViewController.swift */; };
		09445C6F2B4C97B7008C6891 /* SQLiteManager.swift in Sources */ = {isa = PBXBuildFile; fileRef = 09445C6E2B4C97B7008C6891 /* SQLiteManager.swift */; };
		09445C712B4CA2E2008C6891 /* SQLiteCommands.swift in Sources */ = {isa = PBXBuildFile; fileRef = 09445C702B4CA2E2008C6891 /* SQLiteCommands.swift */; };
		09445C732B4CA3B8008C6891 /* TicketModelCell.swift in Sources */ = {isa = PBXBuildFile; fileRef = 09445C722B4CA3B8008C6891 /* TicketModelCell.swift */; };
		09445C762B4CD67D008C6891 /* TicketTableViewCell.swift in Sources */ = {isa = PBXBuildFile; fileRef = 09445C752B4CD67D008C6891 /* TicketTableViewCell.swift */; };
		09445C7C2B4D9B50008C6891 /* DetailTicketViewController.swift in Sources */ = {isa = PBXBuildFile; fileRef = 09445C7B2B4D9B50008C6891 /* DetailTicketViewController.swift */; };
		094901802B4AFBEC00EDCE1B /* ShowAlertView.swift in Sources */ = {isa = PBXBuildFile; fileRef = 0949017F2B4AFBEC00EDCE1B /* ShowAlertView.swift */; };
		094901862B4B040C00EDCE1B /* NewTicketViewController.swift in Sources */ = {isa = PBXBuildFile; fileRef = 094901852B4B040C00EDCE1B /* NewTicketViewController.swift */; };
		094901882B4B38B000EDCE1B /* NewTicketViewModel.swift in Sources */ = {isa = PBXBuildFile; fileRef = 094901872B4B38B000EDCE1B /* NewTicketViewModel.swift */; };
		0968980A2B4EFDF700351C6D /* SignInGoogleManager.swift in Sources */ = {isa = PBXBuildFile; fileRef = 096898092B4EFDF700351C6D /* SignInGoogleManager.swift */; };
		09EA8B4B2B49D52E004D93B4 /* ValidationManager.swift in Sources */ = {isa = PBXBuildFile; fileRef = 09EA8B4A2B49D52E004D93B4 /* ValidationManager.swift */; };
		09EA8B4D2B49DAC0004D93B4 /* SignInFirebaseManager.swift in Sources */ = {isa = PBXBuildFile; fileRef = 09EA8B4C2B49DAC0004D93B4 /* SignInFirebaseManager.swift */; };
		09EA8B4F2B49E6E0004D93B4 /* DashBoardViewModel.swift in Sources */ = {isa = PBXBuildFile; fileRef = 09EA8B4E2B49E6E0004D93B4 /* DashBoardViewModel.swift */; };
		09EA8B512B4A4875004D93B4 /* GoogleService-Info.plist in Resources */ = {isa = PBXBuildFile; fileRef = 09EA8B502B4A4875004D93B4 /* GoogleService-Info.plist */; };
		355BBB03D268B15194E98E10 /* Pods_ISU_App.framework in Frameworks */ = {isa = PBXBuildFile; fileRef = 06C717EBCB812B5593288C43 /* Pods_ISU_App.framework */; };
/* End PBXBuildFile section */

/* Begin PBXFileReference section */
		06C717EBCB812B5593288C43 /* Pods_ISU_App.framework */ = {isa = PBXFileReference; explicitFileType = wrapper.framework; includeInIndex = 0; path = Pods_ISU_App.framework; sourceTree = BUILT_PRODUCTS_DIR; };
		0910AD652B4B7ED300769EAD /* SearchLocationViewController.swift */ = {isa = PBXFileReference; lastKnownFileType = sourcecode.swift; path = SearchLocationViewController.swift; sourceTree = "<group>"; };
		0910AD672B4B830200769EAD /* SearchResultViewController.swift */ = {isa = PBXFileReference; lastKnownFileType = sourcecode.swift; path = SearchResultViewController.swift; sourceTree = "<group>"; };
		0910AD6A2B4B8D6D00769EAD /* GooglePlacesManager.swift */ = {isa = PBXFileReference; lastKnownFileType = sourcecode.swift; path = GooglePlacesManager.swift; sourceTree = "<group>"; };
		0910AD6C2B4B918700769EAD /* PlacesModal.swift */ = {isa = PBXFileReference; lastKnownFileType = sourcecode.swift; path = PlacesModal.swift; sourceTree = "<group>"; };
		0910AD6F2B4B945D00769EAD /* SearchLocationViewModel.swift */ = {isa = PBXFileReference; lastKnownFileType = sourcecode.swift; path = SearchLocationViewModel.swift; sourceTree = "<group>"; };
		0910AD722B4B97DF00769EAD /* Constants.swift */ = {isa = PBXFileReference; lastKnownFileType = sourcecode.swift; path = Constants.swift; sourceTree = "<group>"; };
		09182B1D2B489C70006BD12C /* ISU App.app */ = {isa = PBXFileReference; explicitFileType = wrapper.application; includeInIndex = 0; path = "ISU App.app"; sourceTree = BUILT_PRODUCTS_DIR; };
		09182B202B489C70006BD12C /* AppDelegate.swift */ = {isa = PBXFileReference; lastKnownFileType = sourcecode.swift; path = AppDelegate.swift; sourceTree = "<group>"; };
		09182B222B489C70006BD12C /* SceneDelegate.swift */ = {isa = PBXFileReference; lastKnownFileType = sourcecode.swift; path = SceneDelegate.swift; sourceTree = "<group>"; };
		09182B242B489C70006BD12C /* LogInViewController.swift */ = {isa = PBXFileReference; lastKnownFileType = sourcecode.swift; path = LogInViewController.swift; sourceTree = "<group>"; };
		09182B292B489C76006BD12C /* Assets.xcassets */ = {isa = PBXFileReference; lastKnownFileType = folder.assetcatalog; path = Assets.xcassets; sourceTree = "<group>"; };
		09182B2C2B489C76006BD12C /* Base */ = {isa = PBXFileReference; lastKnownFileType = file.storyboard; name = Base; path = Base.lproj/LaunchScreen.storyboard; sourceTree = "<group>"; };
		09182B2E2B489C76006BD12C /* Info.plist */ = {isa = PBXFileReference; lastKnownFileType = text.plist.xml; path = Info.plist; sourceTree = "<group>"; };
		09182B3B2B48C764006BD12C /* LogInViewModel.swift */ = {isa = PBXFileReference; lastKnownFileType = sourcecode.swift; path = LogInViewModel.swift; sourceTree = "<group>"; };
		09182B412B48CB0B006BD12C /* DashboardViewController.swift */ = {isa = PBXFileReference; lastKnownFileType = sourcecode.swift; path = DashboardViewController.swift; sourceTree = "<group>"; };
		09445C6E2B4C97B7008C6891 /* SQLiteManager.swift */ = {isa = PBXFileReference; lastKnownFileType = sourcecode.swift; path = SQLiteManager.swift; sourceTree = "<group>"; };
		09445C702B4CA2E2008C6891 /* SQLiteCommands.swift */ = {isa = PBXFileReference; lastKnownFileType = sourcecode.swift; path = SQLiteCommands.swift; sourceTree = "<group>"; };
		09445C722B4CA3B8008C6891 /* TicketModelCell.swift */ = {isa = PBXFileReference; lastKnownFileType = sourcecode.swift; path = TicketModelCell.swift; sourceTree = "<group>"; };
		09445C752B4CD67D008C6891 /* TicketTableViewCell.swift */ = {isa = PBXFileReference; lastKnownFileType = sourcecode.swift; path = TicketTableViewCell.swift; sourceTree = "<group>"; };
		09445C7B2B4D9B50008C6891 /* DetailTicketViewController.swift */ = {isa = PBXFileReference; lastKnownFileType = sourcecode.swift; path = DetailTicketViewController.swift; sourceTree = "<group>"; };
		0949017F2B4AFBEC00EDCE1B /* ShowAlertView.swift */ = {isa = PBXFileReference; lastKnownFileType = sourcecode.swift; path = ShowAlertView.swift; sourceTree = "<group>"; };
		094901852B4B040C00EDCE1B /* NewTicketViewController.swift */ = {isa = PBXFileReference; lastKnownFileType = sourcecode.swift; path = NewTicketViewController.swift; sourceTree = "<group>"; };
		094901872B4B38B000EDCE1B /* NewTicketViewModel.swift */ = {isa = PBXFileReference; lastKnownFileType = sourcecode.swift; path = NewTicketViewModel.swift; sourceTree = "<group>"; };
		096898092B4EFDF700351C6D /* SignInGoogleManager.swift */ = {isa = PBXFileReference; lastKnownFileType = sourcecode.swift; path = SignInGoogleManager.swift; sourceTree = "<group>"; };
		09EA8B4A2B49D52E004D93B4 /* ValidationManager.swift */ = {isa = PBXFileReference; lastKnownFileType = sourcecode.swift; path = ValidationManager.swift; sourceTree = "<group>"; };
		09EA8B4C2B49DAC0004D93B4 /* SignInFirebaseManager.swift */ = {isa = PBXFileReference; lastKnownFileType = sourcecode.swift; path = SignInFirebaseManager.swift; sourceTree = "<group>"; };
		09EA8B4E2B49E6E0004D93B4 /* DashBoardViewModel.swift */ = {isa = PBXFileReference; lastKnownFileType = sourcecode.swift; path = DashBoardViewModel.swift; sourceTree = "<group>"; };
		09EA8B502B4A4875004D93B4 /* GoogleService-Info.plist */ = {isa = PBXFileReference; fileEncoding = 4; lastKnownFileType = text.plist.xml; path = "GoogleService-Info.plist"; sourceTree = "<group>"; };
		F853C3F40AD131140A6461E9 /* Pods-ISU App.debug.xcconfig */ = {isa = PBXFileReference; includeInIndex = 1; lastKnownFileType = text.xcconfig; name = "Pods-ISU App.debug.xcconfig"; path = "Target Support Files/Pods-ISU App/Pods-ISU App.debug.xcconfig"; sourceTree = "<group>"; };
		F9E41168690833FCA22408AE /* Pods-ISU App.release.xcconfig */ = {isa = PBXFileReference; includeInIndex = 1; lastKnownFileType = text.xcconfig; name = "Pods-ISU App.release.xcconfig"; path = "Target Support Files/Pods-ISU App/Pods-ISU App.release.xcconfig"; sourceTree = "<group>"; };
/* End PBXFileReference section */

/* Begin PBXFrameworksBuildPhase section */
		09182B1A2B489C70006BD12C /* Frameworks */ = {
			isa = PBXFrameworksBuildPhase;
			buildActionMask = 2147483647;
			files = (
				355BBB03D268B15194E98E10 /* Pods_ISU_App.framework in Frameworks */,
			);
			runOnlyForDeploymentPostprocessing = 0;
		};
/* End PBXFrameworksBuildPhase section */

/* Begin PBXGroup section */
		0910AD642B4B7EAA00769EAD /* SearchLocation */ = {
			isa = PBXGroup;
			children = (
				0910AD692B4B832D00769EAD /* View */,
				0910AD6E2B4B918B00769EAD /* Model */,
				0910AD712B4B946200769EAD /* ViewModel */,
			);
			path = SearchLocation;
			sourceTree = "<group>";
		};
		0910AD692B4B832D00769EAD /* View */ = {
			isa = PBXGroup;
			children = (
				0910AD652B4B7ED300769EAD /* SearchLocationViewController.swift */,
				0910AD672B4B830200769EAD /* SearchResultViewController.swift */,
			);
			path = View;
			sourceTree = "<group>";
		};
		0910AD6E2B4B918B00769EAD /* Model */ = {
			isa = PBXGroup;
			children = (
				0910AD6C2B4B918700769EAD /* PlacesModal.swift */,
			);
			path = Model;
			sourceTree = "<group>";
		};
		0910AD712B4B946200769EAD /* ViewModel */ = {
			isa = PBXGroup;
			children = (
				0910AD6F2B4B945D00769EAD /* SearchLocationViewModel.swift */,
			);
			path = ViewModel;
			sourceTree = "<group>";
		};
		09182B142B489C70006BD12C = {
			isa = PBXGroup;
			children = (
				09182B1F2B489C70006BD12C /* ISU App */,
				09182B1E2B489C70006BD12C /* Products */,
				27ACB3CD8BB950CDCDB10099 /* Pods */,
				C895C432666F9412B5AB96BD /* Frameworks */,
			);
			sourceTree = "<group>";
		};
		09182B1E2B489C70006BD12C /* Products */ = {
			isa = PBXGroup;
			children = (
				09182B1D2B489C70006BD12C /* ISU App.app */,
			);
			name = Products;
			sourceTree = "<group>";
		};
		09182B1F2B489C70006BD12C /* ISU App */ = {
			isa = PBXGroup;
			children = (
				09182B352B489CAE006BD12C /* Helpers */,
				09182B342B489C9C006BD12C /* CoreService */,
				09182B362B489CB9006BD12C /* Moduls */,
				09182B202B489C70006BD12C /* AppDelegate.swift */,
				09182B222B489C70006BD12C /* SceneDelegate.swift */,
				09182B292B489C76006BD12C /* Assets.xcassets */,
				09182B2B2B489C76006BD12C /* LaunchScreen.storyboard */,
				09182B2E2B489C76006BD12C /* Info.plist */,
				09EA8B502B4A4875004D93B4 /* GoogleService-Info.plist */,
			);
			path = "ISU App";
			sourceTree = "<group>";
		};
		09182B342B489C9C006BD12C /* CoreService */ = {
			isa = PBXGroup;
			children = (
			);
			path = CoreService;
			sourceTree = "<group>";
		};
		09182B352B489CAE006BD12C /* Helpers */ = {
			isa = PBXGroup;
			children = (
				09445C742B4CD650008C6891 /* Cells */,
				0949017E2B4AFAE600EDCE1B /* Managers */,
				0949017F2B4AFBEC00EDCE1B /* ShowAlertView.swift */,
				0910AD722B4B97DF00769EAD /* Constants.swift */,
				09445C722B4CA3B8008C6891 /* TicketModelCell.swift */,
			);
			path = Helpers;
			sourceTree = "<group>";
		};
		09182B362B489CB9006BD12C /* Moduls */ = {
			isa = PBXGroup;
			children = (
				09445C772B4D9B00008C6891 /* DetailTicket */,
				0910AD642B4B7EAA00769EAD /* SearchLocation */,
				094901812B4B036D00EDCE1B /* New Ticket */,
				09182B3D2B48C8C7006BD12C /* Dashboard */,
				09182B372B489CDB006BD12C /* Log In */,
			);
			path = Moduls;
			sourceTree = "<group>";
		};
		09182B372B489CDB006BD12C /* Log In */ = {
			isa = PBXGroup;
			children = (
				09182B382B489DE8006BD12C /* Model */,
				09182B392B489E27006BD12C /* View */,
				09182B3A2B489E2D006BD12C /* ViewModel */,
			);
			path = "Log In";
			sourceTree = "<group>";
		};
		09182B382B489DE8006BD12C /* Model */ = {
			isa = PBXGroup;
			children = (
			);
			path = Model;
			sourceTree = "<group>";
		};
		09182B392B489E27006BD12C /* View */ = {
			isa = PBXGroup;
			children = (
				09182B242B489C70006BD12C /* LogInViewController.swift */,
			);
			path = View;
			sourceTree = "<group>";
		};
		09182B3A2B489E2D006BD12C /* ViewModel */ = {
			isa = PBXGroup;
			children = (
				09182B3B2B48C764006BD12C /* LogInViewModel.swift */,
			);
			path = ViewModel;
			sourceTree = "<group>";
		};
		09182B3D2B48C8C7006BD12C /* Dashboard */ = {
			isa = PBXGroup;
			children = (
				09182B402B48C8F5006BD12C /* Model */,
				09182B3F2B48C8F0006BD12C /* View */,
				09182B3E2B48C8E6006BD12C /* ViewModel */,
			);
			path = Dashboard;
			sourceTree = "<group>";
		};
		09182B3E2B48C8E6006BD12C /* ViewModel */ = {
			isa = PBXGroup;
			children = (
				09EA8B4E2B49E6E0004D93B4 /* DashBoardViewModel.swift */,
			);
			path = ViewModel;
			sourceTree = "<group>";
		};
		09182B3F2B48C8F0006BD12C /* View */ = {
			isa = PBXGroup;
			children = (
				09182B412B48CB0B006BD12C /* DashboardViewController.swift */,
			);
			path = View;
			sourceTree = "<group>";
		};
		09182B402B48C8F5006BD12C /* Model */ = {
			isa = PBXGroup;
			children = (
			);
			path = Model;
			sourceTree = "<group>";
		};
		09445C742B4CD650008C6891 /* Cells */ = {
			isa = PBXGroup;
			children = (
				09445C752B4CD67D008C6891 /* TicketTableViewCell.swift */,
			);
			path = Cells;
			sourceTree = "<group>";
		};
		09445C772B4D9B00008C6891 /* DetailTicket */ = {
			isa = PBXGroup;
			children = (
				09445C7A2B4D9B20008C6891 /* Model */,
				09445C782B4D9B0E008C6891 /* View */,
				09445C792B4D9B19008C6891 /* ViewModel */,
			);
			path = DetailTicket;
			sourceTree = "<group>";
		};
		09445C782B4D9B0E008C6891 /* View */ = {
			isa = PBXGroup;
			children = (
				09445C7B2B4D9B50008C6891 /* DetailTicketViewController.swift */,
			);
			path = View;
			sourceTree = "<group>";
		};
		09445C792B4D9B19008C6891 /* ViewModel */ = {
			isa = PBXGroup;
			children = (
			);
			path = ViewModel;
			sourceTree = "<group>";
		};
		09445C7A2B4D9B20008C6891 /* Model */ = {
			isa = PBXGroup;
			children = (
			);
			path = Model;
			sourceTree = "<group>";
		};
		0949017E2B4AFAE600EDCE1B /* Managers */ = {
			isa = PBXGroup;
			children = (
				09EA8B4A2B49D52E004D93B4 /* ValidationManager.swift */,
				09EA8B4C2B49DAC0004D93B4 /* SignInFirebaseManager.swift */,
				0910AD6A2B4B8D6D00769EAD /* GooglePlacesManager.swift */,
				09445C6E2B4C97B7008C6891 /* SQLiteManager.swift */,
				09445C702B4CA2E2008C6891 /* SQLiteCommands.swift */,
				096898092B4EFDF700351C6D /* SignInGoogleManager.swift */,
			);
			path = Managers;
			sourceTree = "<group>";
		};
		094901812B4B036D00EDCE1B /* New Ticket */ = {
			isa = PBXGroup;
			children = (
				094901822B4B039D00EDCE1B /* Model */,
				094901842B4B03AD00EDCE1B /* View */,
				094901832B4B03A500EDCE1B /* ViewModel */,
			);
			path = "New Ticket";
			sourceTree = "<group>";
		};
		094901822B4B039D00EDCE1B /* Model */ = {
			isa = PBXGroup;
			children = (
			);
			path = Model;
			sourceTree = "<group>";
		};
		094901832B4B03A500EDCE1B /* ViewModel */ = {
			isa = PBXGroup;
			children = (
				094901872B4B38B000EDCE1B /* NewTicketViewModel.swift */,
			);
			path = ViewModel;
			sourceTree = "<group>";
		};
		094901842B4B03AD00EDCE1B /* View */ = {
			isa = PBXGroup;
			children = (
				094901852B4B040C00EDCE1B /* NewTicketViewController.swift */,
			);
			path = View;
			sourceTree = "<group>";
		};
		27ACB3CD8BB950CDCDB10099 /* Pods */ = {
			isa = PBXGroup;
			children = (
				F853C3F40AD131140A6461E9 /* Pods-ISU App.debug.xcconfig */,
				F9E41168690833FCA22408AE /* Pods-ISU App.release.xcconfig */,
			);
			path = Pods;
			sourceTree = "<group>";
		};
		C895C432666F9412B5AB96BD /* Frameworks */ = {
			isa = PBXGroup;
			children = (
				06C717EBCB812B5593288C43 /* Pods_ISU_App.framework */,
			);
			name = Frameworks;
			sourceTree = "<group>";
		};
/* End PBXGroup section */

/* Begin PBXNativeTarget section */
		09182B1C2B489C70006BD12C /* ISU App */ = {
			isa = PBXNativeTarget;
			buildConfigurationList = 09182B312B489C76006BD12C /* Build configuration list for PBXNativeTarget "ISU App" */;
			buildPhases = (
				39B00D1F40E080748A01D0DD /* [CP] Check Pods Manifest.lock */,
				09182B192B489C70006BD12C /* Sources */,
				09182B1A2B489C70006BD12C /* Frameworks */,
				09182B1B2B489C70006BD12C /* Resources */,
				D107B9704EC1D1FDB46F48CE /* [CP] Embed Pods Frameworks */,
				E1BD835CCC5EF5B0267914F9 /* [CP] Copy Pods Resources */,
			);
			buildRules = (
			);
			dependencies = (
			);
			name = "ISU App";
			productName = "ISU App";
			productReference = 09182B1D2B489C70006BD12C /* ISU App.app */;
			productType = "com.apple.product-type.application";
		};
/* End PBXNativeTarget section */

/* Begin PBXProject section */
		09182B152B489C70006BD12C /* Project object */ = {
			isa = PBXProject;
			attributes = {
				BuildIndependentTargetsInParallel = 1;
				LastSwiftUpdateCheck = 1420;
				LastUpgradeCheck = 1420;
				TargetAttributes = {
					09182B1C2B489C70006BD12C = {
						CreatedOnToolsVersion = 14.2;
					};
				};
			};
			buildConfigurationList = 09182B182B489C70006BD12C /* Build configuration list for PBXProject "ISU App" */;
			compatibilityVersion = "Xcode 14.0";
			developmentRegion = en;
			hasScannedForEncodings = 0;
			knownRegions = (
				en,
				Base,
			);
			mainGroup = 09182B142B489C70006BD12C;
			productRefGroup = 09182B1E2B489C70006BD12C /* Products */;
			projectDirPath = "";
			projectRoot = "";
			targets = (
				09182B1C2B489C70006BD12C /* ISU App */,
			);
		};
/* End PBXProject section */

/* Begin PBXResourcesBuildPhase section */
		09182B1B2B489C70006BD12C /* Resources */ = {
			isa = PBXResourcesBuildPhase;
			buildActionMask = 2147483647;
			files = (
				09182B2D2B489C76006BD12C /* LaunchScreen.storyboard in Resources */,
				09182B2A2B489C76006BD12C /* Assets.xcassets in Resources */,
				09EA8B512B4A4875004D93B4 /* GoogleService-Info.plist in Resources */,
			);
			runOnlyForDeploymentPostprocessing = 0;
		};
/* End PBXResourcesBuildPhase section */

/* Begin PBXShellScriptBuildPhase section */
		39B00D1F40E080748A01D0DD /* [CP] Check Pods Manifest.lock */ = {
			isa = PBXShellScriptBuildPhase;
			buildActionMask = 2147483647;
			files = (
			);
			inputFileListPaths = (
			);
			inputPaths = (
				"${PODS_PODFILE_DIR_PATH}/Podfile.lock",
				"${PODS_ROOT}/Manifest.lock",
			);
			name = "[CP] Check Pods Manifest.lock";
			outputFileListPaths = (
			);
			outputPaths = (
				"$(DERIVED_FILE_DIR)/Pods-ISU App-checkManifestLockResult.txt",
			);
			runOnlyForDeploymentPostprocessing = 0;
			shellPath = /bin/sh;
			shellScript = "diff \"${PODS_PODFILE_DIR_PATH}/Podfile.lock\" \"${PODS_ROOT}/Manifest.lock\" > /dev/null\nif [ $? != 0 ] ; then\n    # print error to STDERR\n    echo \"error: The sandbox is not in sync with the Podfile.lock. Run 'pod install' or update your CocoaPods installation.\" >&2\n    exit 1\nfi\n# This output is used by Xcode 'outputs' to avoid re-running this script phase.\necho \"SUCCESS\" > \"${SCRIPT_OUTPUT_FILE_0}\"\n";
			showEnvVarsInLog = 0;
		};
		D107B9704EC1D1FDB46F48CE /* [CP] Embed Pods Frameworks */ = {
			isa = PBXShellScriptBuildPhase;
			buildActionMask = 2147483647;
			files = (
			);
			inputFileListPaths = (
				"${PODS_ROOT}/Target Support Files/Pods-ISU App/Pods-ISU App-frameworks-${CONFIGURATION}-input-files.xcfilelist",
			);
			name = "[CP] Embed Pods Frameworks";
			outputFileListPaths = (
				"${PODS_ROOT}/Target Support Files/Pods-ISU App/Pods-ISU App-frameworks-${CONFIGURATION}-output-files.xcfilelist",
			);
			runOnlyForDeploymentPostprocessing = 0;
			shellPath = /bin/sh;
			shellScript = "\"${PODS_ROOT}/Target Support Files/Pods-ISU App/Pods-ISU App-frameworks.sh\"\n";
			showEnvVarsInLog = 0;
		};
		E1BD835CCC5EF5B0267914F9 /* [CP] Copy Pods Resources */ = {
			isa = PBXShellScriptBuildPhase;
			buildActionMask = 2147483647;
			files = (
			);
			inputFileListPaths = (
				"${PODS_ROOT}/Target Support Files/Pods-ISU App/Pods-ISU App-resources-${CONFIGURATION}-input-files.xcfilelist",
			);
			name = "[CP] Copy Pods Resources";
			outputFileListPaths = (
				"${PODS_ROOT}/Target Support Files/Pods-ISU App/Pods-ISU App-resources-${CONFIGURATION}-output-files.xcfilelist",
			);
			runOnlyForDeploymentPostprocessing = 0;
			shellPath = /bin/sh;
			shellScript = "\"${PODS_ROOT}/Target Support Files/Pods-ISU App/Pods-ISU App-resources.sh\"\n";
			showEnvVarsInLog = 0;
		};
/* End PBXShellScriptBuildPhase section */

/* Begin PBXSourcesBuildPhase section */
		09182B192B489C70006BD12C /* Sources */ = {
			isa = PBXSourcesBuildPhase;
			buildActionMask = 2147483647;
			files = (
				09445C762B4CD67D008C6891 /* TicketTableViewCell.swift in Sources */,
				094901882B4B38B000EDCE1B /* NewTicketViewModel.swift in Sources */,
				0968980A2B4EFDF700351C6D /* SignInGoogleManager.swift in Sources */,
				0910AD732B4B97DF00769EAD /* Constants.swift in Sources */,
				09EA8B4B2B49D52E004D93B4 /* ValidationManager.swift in Sources */,
				09445C712B4CA2E2008C6891 /* SQLiteCommands.swift in Sources */,
				0910AD6D2B4B918700769EAD /* PlacesModal.swift in Sources */,
				09445C732B4CA3B8008C6891 /* TicketModelCell.swift in Sources */,
				0910AD702B4B945D00769EAD /* SearchLocationViewModel.swift in Sources */,
				094901862B4B040C00EDCE1B /* NewTicketViewController.swift in Sources */,
				0910AD662B4B7ED300769EAD /* SearchLocationViewController.swift in Sources */,
				094901802B4AFBEC00EDCE1B /* ShowAlertView.swift in Sources */,
				09182B3C2B48C764006BD12C /* LogInViewModel.swift in Sources */,
				09182B252B489C70006BD12C /* LogInViewController.swift in Sources */,
				09182B422B48CB0B006BD12C /* DashboardViewController.swift in Sources */,
				09182B212B489C70006BD12C /* AppDelegate.swift in Sources */,
				09182B232B489C70006BD12C /* SceneDelegate.swift in Sources */,
				09445C6F2B4C97B7008C6891 /* SQLiteManager.swift in Sources */,
				0910AD6B2B4B8D6D00769EAD /* GooglePlacesManager.swift in Sources */,
				09445C7C2B4D9B50008C6891 /* DetailTicketViewController.swift in Sources */,
				09EA8B4D2B49DAC0004D93B4 /* SignInFirebaseManager.swift in Sources */,
				0910AD682B4B830300769EAD /* SearchResultViewController.swift in Sources */,
				09EA8B4F2B49E6E0004D93B4 /* DashBoardViewModel.swift in Sources */,
			);
			runOnlyForDeploymentPostprocessing = 0;
		};
/* End PBXSourcesBuildPhase section */

/* Begin PBXVariantGroup section */
		09182B2B2B489C76006BD12C /* LaunchScreen.storyboard */ = {
			isa = PBXVariantGroup;
			children = (
				09182B2C2B489C76006BD12C /* Base */,
			);
			name = LaunchScreen.storyboard;
			sourceTree = "<group>";
		};
/* End PBXVariantGroup section */

/* Begin XCBuildConfiguration section */
		09182B2F2B489C76006BD12C /* Debug */ = {
			isa = XCBuildConfiguration;
			buildSettings = {
				ALWAYS_SEARCH_USER_PATHS = NO;
				CLANG_ANALYZER_NONNULL = YES;
				CLANG_ANALYZER_NUMBER_OBJECT_CONVERSION = YES_AGGRESSIVE;
				CLANG_CXX_LANGUAGE_STANDARD = "gnu++20";
				CLANG_ENABLE_MODULES = YES;
				CLANG_ENABLE_OBJC_ARC = YES;
				CLANG_ENABLE_OBJC_WEAK = YES;
				CLANG_WARN_BLOCK_CAPTURE_AUTORELEASING = YES;
				CLANG_WARN_BOOL_CONVERSION = YES;
				CLANG_WARN_COMMA = YES;
				CLANG_WARN_CONSTANT_CONVERSION = YES;
				CLANG_WARN_DEPRECATED_OBJC_IMPLEMENTATIONS = YES;
				CLANG_WARN_DIRECT_OBJC_ISA_USAGE = YES_ERROR;
				CLANG_WARN_DOCUMENTATION_COMMENTS = YES;
				CLANG_WARN_EMPTY_BODY = YES;
				CLANG_WARN_ENUM_CONVERSION = YES;
				CLANG_WARN_INFINITE_RECURSION = YES;
				CLANG_WARN_INT_CONVERSION = YES;
				CLANG_WARN_NON_LITERAL_NULL_CONVERSION = YES;
				CLANG_WARN_OBJC_IMPLICIT_RETAIN_SELF = YES;
				CLANG_WARN_OBJC_LITERAL_CONVERSION = YES;
				CLANG_WARN_OBJC_ROOT_CLASS = YES_ERROR;
				CLANG_WARN_QUOTED_INCLUDE_IN_FRAMEWORK_HEADER = YES;
				CLANG_WARN_RANGE_LOOP_ANALYSIS = YES;
				CLANG_WARN_STRICT_PROTOTYPES = YES;
				CLANG_WARN_SUSPICIOUS_MOVE = YES;
				CLANG_WARN_UNGUARDED_AVAILABILITY = YES_AGGRESSIVE;
				CLANG_WARN_UNREACHABLE_CODE = YES;
				CLANG_WARN__DUPLICATE_METHOD_MATCH = YES;
				COPY_PHASE_STRIP = NO;
				DEBUG_INFORMATION_FORMAT = dwarf;
				ENABLE_STRICT_OBJC_MSGSEND = YES;
				ENABLE_TESTABILITY = YES;
				GCC_C_LANGUAGE_STANDARD = gnu11;
				GCC_DYNAMIC_NO_PIC = NO;
				GCC_NO_COMMON_BLOCKS = YES;
				GCC_OPTIMIZATION_LEVEL = 0;
				GCC_PREPROCESSOR_DEFINITIONS = (
					"DEBUG=1",
					"$(inherited)",
				);
				GCC_WARN_64_TO_32_BIT_CONVERSION = YES;
				GCC_WARN_ABOUT_RETURN_TYPE = YES_ERROR;
				GCC_WARN_UNDECLARED_SELECTOR = YES;
				GCC_WARN_UNINITIALIZED_AUTOS = YES_AGGRESSIVE;
				GCC_WARN_UNUSED_FUNCTION = YES;
				GCC_WARN_UNUSED_VARIABLE = YES;
				IPHONEOS_DEPLOYMENT_TARGET = 16.2;
				MTL_ENABLE_DEBUG_INFO = INCLUDE_SOURCE;
				MTL_FAST_MATH = YES;
				ONLY_ACTIVE_ARCH = YES;
				SDKROOT = iphoneos;
				SWIFT_ACTIVE_COMPILATION_CONDITIONS = DEBUG;
				SWIFT_OPTIMIZATION_LEVEL = "-Onone";
			};
			name = Debug;
		};
		09182B302B489C76006BD12C /* Release */ = {
			isa = XCBuildConfiguration;
			buildSettings = {
				ALWAYS_SEARCH_USER_PATHS = NO;
				CLANG_ANALYZER_NONNULL = YES;
				CLANG_ANALYZER_NUMBER_OBJECT_CONVERSION = YES_AGGRESSIVE;
				CLANG_CXX_LANGUAGE_STANDARD = "gnu++20";
				CLANG_ENABLE_MODULES = YES;
				CLANG_ENABLE_OBJC_ARC = YES;
				CLANG_ENABLE_OBJC_WEAK = YES;
				CLANG_WARN_BLOCK_CAPTURE_AUTORELEASING = YES;
				CLANG_WARN_BOOL_CONVERSION = YES;
				CLANG_WARN_COMMA = YES;
				CLANG_WARN_CONSTANT_CONVERSION = YES;
				CLANG_WARN_DEPRECATED_OBJC_IMPLEMENTATIONS = YES;
				CLANG_WARN_DIRECT_OBJC_ISA_USAGE = YES_ERROR;
				CLANG_WARN_DOCUMENTATION_COMMENTS = YES;
				CLANG_WARN_EMPTY_BODY = YES;
				CLANG_WARN_ENUM_CONVERSION = YES;
				CLANG_WARN_INFINITE_RECURSION = YES;
				CLANG_WARN_INT_CONVERSION = YES;
				CLANG_WARN_NON_LITERAL_NULL_CONVERSION = YES;
				CLANG_WARN_OBJC_IMPLICIT_RETAIN_SELF = YES;
				CLANG_WARN_OBJC_LITERAL_CONVERSION = YES;
				CLANG_WARN_OBJC_ROOT_CLASS = YES_ERROR;
				CLANG_WARN_QUOTED_INCLUDE_IN_FRAMEWORK_HEADER = YES;
				CLANG_WARN_RANGE_LOOP_ANALYSIS = YES;
				CLANG_WARN_STRICT_PROTOTYPES = YES;
				CLANG_WARN_SUSPICIOUS_MOVE = YES;
				CLANG_WARN_UNGUARDED_AVAILABILITY = YES_AGGRESSIVE;
				CLANG_WARN_UNREACHABLE_CODE = YES;
				CLANG_WARN__DUPLICATE_METHOD_MATCH = YES;
				COPY_PHASE_STRIP = NO;
				DEBUG_INFORMATION_FORMAT = "dwarf-with-dsym";
				ENABLE_NS_ASSERTIONS = NO;
				ENABLE_STRICT_OBJC_MSGSEND = YES;
				GCC_C_LANGUAGE_STANDARD = gnu11;
				GCC_NO_COMMON_BLOCKS = YES;
				GCC_WARN_64_TO_32_BIT_CONVERSION = YES;
				GCC_WARN_ABOUT_RETURN_TYPE = YES_ERROR;
				GCC_WARN_UNDECLARED_SELECTOR = YES;
				GCC_WARN_UNINITIALIZED_AUTOS = YES_AGGRESSIVE;
				GCC_WARN_UNUSED_FUNCTION = YES;
				GCC_WARN_UNUSED_VARIABLE = YES;
				IPHONEOS_DEPLOYMENT_TARGET = 16.2;
				MTL_ENABLE_DEBUG_INFO = NO;
				MTL_FAST_MATH = YES;
				SDKROOT = iphoneos;
				SWIFT_COMPILATION_MODE = wholemodule;
				SWIFT_OPTIMIZATION_LEVEL = "-O";
				VALIDATE_PRODUCT = YES;
			};
			name = Release;
		};
		09182B322B489C76006BD12C /* Debug */ = {
			isa = XCBuildConfiguration;
			baseConfigurationReference = F853C3F40AD131140A6461E9 /* Pods-ISU App.debug.xcconfig */;
			buildSettings = {
				ASSETCATALOG_COMPILER_APPICON_NAME = AppIcon;
				ASSETCATALOG_COMPILER_GLOBAL_ACCENT_COLOR_NAME = AccentColor;
				CODE_SIGN_STYLE = Automatic;
				CURRENT_PROJECT_VERSION = 1;
				DEVELOPMENT_TEAM = 5WR73Q6863;
				GENERATE_INFOPLIST_FILE = YES;
				INFOPLIST_FILE = "ISU App/Info.plist";
				INFOPLIST_KEY_UIApplicationSupportsIndirectInputEvents = YES;
				INFOPLIST_KEY_UILaunchStoryboardName = LaunchScreen;
				INFOPLIST_KEY_UISupportedInterfaceOrientations_iPad = "UIInterfaceOrientationPortrait UIInterfaceOrientationPortraitUpsideDown UIInterfaceOrientationLandscapeLeft UIInterfaceOrientationLandscapeRight";
				INFOPLIST_KEY_UISupportedInterfaceOrientations_iPhone = "UIInterfaceOrientationPortrait UIInterfaceOrientationLandscapeLeft UIInterfaceOrientationLandscapeRight";
				LD_RUNPATH_SEARCH_PATHS = (
					"$(inherited)",
					"@executable_path/Frameworks",
				);
				MARKETING_VERSION = 1.0;
				PRODUCT_BUNDLE_IDENTIFIER = "com.adriancysvillegas.ISU-App";
				PRODUCT_NAME = "$(TARGET_NAME)";
				SWIFT_EMIT_LOC_STRINGS = YES;
				SWIFT_VERSION = 5.0;
				TARGETED_DEVICE_FAMILY = "1,2";
			};
			name = Debug;
		};
		09182B332B489C76006BD12C /* Release */ = {
			isa = XCBuildConfiguration;
			baseConfigurationReference = F9E41168690833FCA22408AE /* Pods-ISU App.release.xcconfig */;
			buildSettings = {
				ASSETCATALOG_COMPILER_APPICON_NAME = AppIcon;
				ASSETCATALOG_COMPILER_GLOBAL_ACCENT_COLOR_NAME = AccentColor;
				CODE_SIGN_STYLE = Automatic;
				CURRENT_PROJECT_VERSION = 1;
				DEVELOPMENT_TEAM = 5WR73Q6863;
				GENERATE_INFOPLIST_FILE = YES;
				INFOPLIST_FILE = "ISU App/Info.plist";
				INFOPLIST_KEY_UIApplicationSupportsIndirectInputEvents = YES;
				INFOPLIST_KEY_UILaunchStoryboardName = LaunchScreen;
				INFOPLIST_KEY_UISupportedInterfaceOrientations_iPad = "UIInterfaceOrientationPortrait UIInterfaceOrientationPortraitUpsideDown UIInterfaceOrientationLandscapeLeft UIInterfaceOrientationLandscapeRight";
				INFOPLIST_KEY_UISupportedInterfaceOrientations_iPhone = "UIInterfaceOrientationPortrait UIInterfaceOrientationLandscapeLeft UIInterfaceOrientationLandscapeRight";
				LD_RUNPATH_SEARCH_PATHS = (
					"$(inherited)",
					"@executable_path/Frameworks",
				);
				MARKETING_VERSION = 1.0;
				PRODUCT_BUNDLE_IDENTIFIER = "com.adriancysvillegas.ISU-App";
				PRODUCT_NAME = "$(TARGET_NAME)";
				SWIFT_EMIT_LOC_STRINGS = YES;
				SWIFT_VERSION = 5.0;
				TARGETED_DEVICE_FAMILY = "1,2";
			};
			name = Release;
		};
/* End XCBuildConfiguration section */

/* Begin XCConfigurationList section */
		09182B182B489C70006BD12C /* Build configuration list for PBXProject "ISU App" */ = {
			isa = XCConfigurationList;
			buildConfigurations = (
				09182B2F2B489C76006BD12C /* Debug */,
				09182B302B489C76006BD12C /* Release */,
			);
			defaultConfigurationIsVisible = 0;
			defaultConfigurationName = Release;
		};
		09182B312B489C76006BD12C /* Build configuration list for PBXNativeTarget "ISU App" */ = {
			isa = XCConfigurationList;
			buildConfigurations = (
				09182B322B489C76006BD12C /* Debug */,
				09182B332B489C76006BD12C /* Release */,
			);
			defaultConfigurationIsVisible = 0;
			defaultConfigurationName = Release;
		};
/* End XCConfigurationList section */
	};
	rootObject = 09182B152B489C70006BD12C /* Project object */;
}
